
Microsoft Visual Studio Solution File, Format Version 12.00
# Visual Studio 15
VisualStudioVersion = 15.0.28307.489
MinimumVisualStudioVersion = 10.0.40219.1
Project("{2150E333-8FDC-42A3-9474-1A3956D46DE8}") = "Src", "Src", "{E21515D1-BD00-47B5-AD2C-638183342F1C}"
EndProject
Project("{2150E333-8FDC-42A3-9474-1A3956D46DE8}") = "Services", "Services", "{9F16FA6A-6A75-4637-993E-FBABF74C0AC9}"
EndProject
Project("{FAE04EC0-301F-11D3-BF4B-00C04F79EFBC}") = "Authentication.API", "Authentication.API\Authentication.API.csproj", "{CF99BD8F-6317-497F-833B-EB16360EB446}"
EndProject
Global
	GlobalSection(SolutionConfigurationPlatforms) = preSolution
		Debug|Any CPU = Debug|Any CPU
		Release|Any CPU = Release|Any CPU
	EndGlobalSection
	GlobalSection(ProjectConfigurationPlatforms) = postSolution
		{CF99BD8F-6317-497F-833B-EB16360EB446}.Debug|Any CPU.ActiveCfg = Debug|Any CPU
		{CF99BD8F-6317-497F-833B-EB16360EB446}.Debug|Any CPU.Build.0 = Debug|Any CPU
		{CF99BD8F-6317-497F-833B-EB16360EB446}.Release|Any CPU.ActiveCfg = Release|Any CPU
		{CF99BD8F-6317-497F-833B-EB16360EB446}.Release|Any CPU.Build.0 = Release|Any CPU
	EndGlobalSection
	GlobalSection(SolutionProperties) = preSolution
		HideSolutionNode = FALSE
	EndGlobalSection
	GlobalSection(NestedProjects) = preSolution
		{9F16FA6A-6A75-4637-993E-FBABF74C0AC9} = {E21515D1-BD00-47B5-AD2C-638183342F1C}
		{CF99BD8F-6317-497F-833B-EB16360EB446} = {9F16FA6A-6A75-4637-993E-FBABF74C0AC9}
	EndGlobalSection
	GlobalSection(ExtensibilityGlobals) = postSolution
		SolutionGuid = {0AEF726E-FFC6-4144-90C7-252F68DED65A}
	EndGlobalSection
EndGlobal
